# THIS IS AN AUTOGENERATED FILE. DO NOT EDIT THIS FILE DIRECTLY.
# yarn lockfile v1


short-unique-id@^4.4.4:
  version "4.4.4"
  resolved "https://registry.yarnpkg.com/short-unique-id/-/short-unique-id-4.4.4.tgz#a45df68303bbd2dbb5785ed7708e891809c9cb7a"
  integrity sha512-oLF1NCmtbiTWl2SqdXZQbo5KM1b7axdp0RgQLq8qCBBLoq+o3A5wmLrNM6bZIh54/a8BJ3l69kTXuxwZ+XCYuw==
